
Microsoft Visual Studio Solution File, Format Version 12.00
# Visual Studio Version 16
VisualStudioVersion = 16.0.29215.179
MinimumVisualStudioVersion = 10.0.40219.1
Project("{2150E333-8FDC-42A3-9474-1A3956D46DE8}") = "Client", "Client", "{98EA643A-C420-453D-BC5F-C90CCB615702}"
EndProject
Project("{2150E333-8FDC-42A3-9474-1A3956D46DE8}") = "Server", "Server", "{7724B3C9-EF33-416E-AA44-56388E0D835A}"
EndProject
Project("{2150E333-8FDC-42A3-9474-1A3956D46DE8}") = "Services", "Services", "{25C0D8E4-9CB3-40D8-B872-F815BB1A0654}"
EndProject
Project("{FAE04EC0-301F-11D3-BF4B-00C04F79EFBC}") = "UserManagementService", "UserManagementService\UserManagementService.csproj", "{D692C0D2-CEE5-4854-9CA6-B4022C51FD14}"
EndProject
Project("{2150E333-8FDC-42A3-9474-1A3956D46DE8}") = "Data", "Data", "{3470D8AC-C99E-4832-A56C-86042800E369}"
EndProject
Project("{2150E333-8FDC-42A3-9474-1A3956D46DE8}") = "Tests", "Tests", "{CA8BCFEF-B9D5-471F-A78F-5CB02B4931C6}"
EndProject
Project("{FAE04EC0-301F-11D3-BF4B-00C04F79EFBC}") = "UserManagementServiceTest", "UserManagementServiceTest\UserManagementServiceTest.csproj", "{96644377-3642-4D77-8179-F5D0BB4FA264}"
EndProject
Project("{2150E333-8FDC-42A3-9474-1A3956D46DE8}") = "Model", "Model", "{C30A6ECF-D917-4C4E-A3AB-619E03600993}"
EndProject
Project("{FAE04EC0-301F-11D3-BF4B-00C04F79EFBC}") = "Model", "Model\Model.csproj", "{1033C2B8-3580-427D-B292-FC6D5EF55933}"
EndProject
Project("{FAE04EC0-301F-11D3-BF4B-00C04F79EFBC}") = "Data", "Data\Data.csproj", "{E2C35AAA-3F22-46C2-8469-424671759D7B}"
EndProject
Project("{FAE04EC0-301F-11D3-BF4B-00C04F79EFBC}") = "WebGameClient", "WebGameClient\WebGameClient.csproj", "{0CADB5B2-C2D3-4661-AB34-AB160174C471}"
	ProjectSection(ProjectDependencies) = postProject
		{D692C0D2-CEE5-4854-9CA6-B4022C51FD14} = {D692C0D2-CEE5-4854-9CA6-B4022C51FD14}
	EndProjectSection
EndProject
Project("{FAE04EC0-301F-11D3-BF4B-00C04F79EFBC}") = "GameService", "GameService\GameService.csproj", "{7BE7EB7E-1F52-4EB7-AF19-5C26CCB421B8}"
EndProject
Project("{2150E333-8FDC-42A3-9474-1A3956D46DE8}") = "Controllers", "Controllers", "{A51CF6B7-5B7F-4F3B-8EE3-DA2D1CF1DF48}"
EndProject
Project("{9A19103F-16F7-4668-BE54-9A1E7A4F7556}") = "Controller", "Controller\Controller.csproj", "{BB1F9F86-5282-4A79-8F17-8F33BEB698F9}"
EndProject
Project("{FAE04EC0-301F-11D3-BF4B-00C04F79EFBC}") = "GameTableManagementService", "GameTableManagementService\GameTableManagementService.csproj", "{6968B2CF-1EF6-4D2A-9095-3A90EDEFB934}"
EndProject
Project("{FAE04EC0-301F-11D3-BF4B-00C04F79EFBC}") = "DataTest", "DataTest\DataTest.csproj", "{AF0383F2-E49E-4AED-AB5A-457C9E94D715}"
EndProject
Global
	GlobalSection(SolutionConfigurationPlatforms) = preSolution
		Debug|Any CPU = Debug|Any CPU
		Release|Any CPU = Release|Any CPU
	EndGlobalSection
	GlobalSection(ProjectConfigurationPlatforms) = postSolution
		{D692C0D2-CEE5-4854-9CA6-B4022C51FD14}.Debug|Any CPU.ActiveCfg = Debug|Any CPU
		{D692C0D2-CEE5-4854-9CA6-B4022C51FD14}.Debug|Any CPU.Build.0 = Debug|Any CPU
		{D692C0D2-CEE5-4854-9CA6-B4022C51FD14}.Release|Any CPU.ActiveCfg = Release|Any CPU
		{D692C0D2-CEE5-4854-9CA6-B4022C51FD14}.Release|Any CPU.Build.0 = Release|Any CPU
		{96644377-3642-4D77-8179-F5D0BB4FA264}.Debug|Any CPU.ActiveCfg = Debug|Any CPU
		{96644377-3642-4D77-8179-F5D0BB4FA264}.Debug|Any CPU.Build.0 = Debug|Any CPU
		{96644377-3642-4D77-8179-F5D0BB4FA264}.Release|Any CPU.ActiveCfg = Release|Any CPU
		{96644377-3642-4D77-8179-F5D0BB4FA264}.Release|Any CPU.Build.0 = Release|Any CPU
		{1033C2B8-3580-427D-B292-FC6D5EF55933}.Debug|Any CPU.ActiveCfg = Debug|Any CPU
		{1033C2B8-3580-427D-B292-FC6D5EF55933}.Debug|Any CPU.Build.0 = Debug|Any CPU
		{1033C2B8-3580-427D-B292-FC6D5EF55933}.Release|Any CPU.ActiveCfg = Release|Any CPU
		{1033C2B8-3580-427D-B292-FC6D5EF55933}.Release|Any CPU.Build.0 = Release|Any CPU
		{E2C35AAA-3F22-46C2-8469-424671759D7B}.Debug|Any CPU.ActiveCfg = Debug|Any CPU
		{E2C35AAA-3F22-46C2-8469-424671759D7B}.Debug|Any CPU.Build.0 = Debug|Any CPU
		{E2C35AAA-3F22-46C2-8469-424671759D7B}.Release|Any CPU.ActiveCfg = Release|Any CPU
		{E2C35AAA-3F22-46C2-8469-424671759D7B}.Release|Any CPU.Build.0 = Release|Any CPU
		{0CADB5B2-C2D3-4661-AB34-AB160174C471}.Debug|Any CPU.ActiveCfg = Debug|Any CPU
		{0CADB5B2-C2D3-4661-AB34-AB160174C471}.Debug|Any CPU.Build.0 = Debug|Any CPU
		{0CADB5B2-C2D3-4661-AB34-AB160174C471}.Release|Any CPU.ActiveCfg = Release|Any CPU
		{0CADB5B2-C2D3-4661-AB34-AB160174C471}.Release|Any CPU.Build.0 = Release|Any CPU
		{7BE7EB7E-1F52-4EB7-AF19-5C26CCB421B8}.Debug|Any CPU.ActiveCfg = Debug|Any CPU
		{7BE7EB7E-1F52-4EB7-AF19-5C26CCB421B8}.Debug|Any CPU.Build.0 = Debug|Any CPU
		{7BE7EB7E-1F52-4EB7-AF19-5C26CCB421B8}.Release|Any CPU.ActiveCfg = Release|Any CPU
		{7BE7EB7E-1F52-4EB7-AF19-5C26CCB421B8}.Release|Any CPU.Build.0 = Release|Any CPU
		{BB1F9F86-5282-4A79-8F17-8F33BEB698F9}.Debug|Any CPU.ActiveCfg = Debug|Any CPU
		{BB1F9F86-5282-4A79-8F17-8F33BEB698F9}.Debug|Any CPU.Build.0 = Debug|Any CPU
		{BB1F9F86-5282-4A79-8F17-8F33BEB698F9}.Release|Any CPU.ActiveCfg = Release|Any CPU
		{BB1F9F86-5282-4A79-8F17-8F33BEB698F9}.Release|Any CPU.Build.0 = Release|Any CPU
		{6968B2CF-1EF6-4D2A-9095-3A90EDEFB934}.Debug|Any CPU.ActiveCfg = Debug|Any CPU
		{6968B2CF-1EF6-4D2A-9095-3A90EDEFB934}.Debug|Any CPU.Build.0 = Debug|Any CPU
		{6968B2CF-1EF6-4D2A-9095-3A90EDEFB934}.Release|Any CPU.ActiveCfg = Release|Any CPU
		{6968B2CF-1EF6-4D2A-9095-3A90EDEFB934}.Release|Any CPU.Build.0 = Release|Any CPU
		{AF0383F2-E49E-4AED-AB5A-457C9E94D715}.Debug|Any CPU.ActiveCfg = Debug|Any CPU
		{AF0383F2-E49E-4AED-AB5A-457C9E94D715}.Debug|Any CPU.Build.0 = Debug|Any CPU
		{AF0383F2-E49E-4AED-AB5A-457C9E94D715}.Release|Any CPU.ActiveCfg = Release|Any CPU
		{AF0383F2-E49E-4AED-AB5A-457C9E94D715}.Release|Any CPU.Build.0 = Release|Any CPU
	EndGlobalSection
	GlobalSection(SolutionProperties) = preSolution
		HideSolutionNode = FALSE
	EndGlobalSection
	GlobalSection(NestedProjects) = preSolution
		{25C0D8E4-9CB3-40D8-B872-F815BB1A0654} = {7724B3C9-EF33-416E-AA44-56388E0D835A}
		{D692C0D2-CEE5-4854-9CA6-B4022C51FD14} = {25C0D8E4-9CB3-40D8-B872-F815BB1A0654}
		{3470D8AC-C99E-4832-A56C-86042800E369} = {7724B3C9-EF33-416E-AA44-56388E0D835A}
		{96644377-3642-4D77-8179-F5D0BB4FA264} = {CA8BCFEF-B9D5-471F-A78F-5CB02B4931C6}
		{C30A6ECF-D917-4C4E-A3AB-619E03600993} = {7724B3C9-EF33-416E-AA44-56388E0D835A}
		{1033C2B8-3580-427D-B292-FC6D5EF55933} = {C30A6ECF-D917-4C4E-A3AB-619E03600993}
		{E2C35AAA-3F22-46C2-8469-424671759D7B} = {3470D8AC-C99E-4832-A56C-86042800E369}
		{0CADB5B2-C2D3-4661-AB34-AB160174C471} = {98EA643A-C420-453D-BC5F-C90CCB615702}
		{7BE7EB7E-1F52-4EB7-AF19-5C26CCB421B8} = {25C0D8E4-9CB3-40D8-B872-F815BB1A0654}
		{A51CF6B7-5B7F-4F3B-8EE3-DA2D1CF1DF48} = {7724B3C9-EF33-416E-AA44-56388E0D835A}
		{BB1F9F86-5282-4A79-8F17-8F33BEB698F9} = {A51CF6B7-5B7F-4F3B-8EE3-DA2D1CF1DF48}
		{6968B2CF-1EF6-4D2A-9095-3A90EDEFB934} = {25C0D8E4-9CB3-40D8-B872-F815BB1A0654}
		{AF0383F2-E49E-4AED-AB5A-457C9E94D715} = {CA8BCFEF-B9D5-471F-A78F-5CB02B4931C6}
	EndGlobalSection
	GlobalSection(ExtensibilityGlobals) = postSolution
		SolutionGuid = {87148347-E100-4333-8C09-F0E81CE16B78}
	EndGlobalSection
EndGlobal
